
Microsoft Visual Studio Solution File, Format Version 12.00
Project("{2150E333-8FDC-42A3-9474-1A3956D46DE8}") = "tests", "tests", "{AF9556DE-C189-46EC-9C3D-58B1F2AEC4D8}"
EndProject
Project("{2150E333-8FDC-42A3-9474-1A3956D46DE8}") = "src", "src", "{B16D9C0F-5AFB-453C-ADAF-CED707EBF68A}"
EndProject
Project("{FAE04EC0-301F-11D3-BF4B-00C04F79EFBC}") = "CS_Git.Lib", "src\CS_Git.Lib\CS_Git.Lib.csproj", "{49D10459-77A8-4F72-A044-12D9F217E755}"
EndProject
Project("{FAE04EC0-301F-11D3-BF4B-00C04F79EFBC}") = "CS_Git.Cli", "src\CS_Git.Cli\CS_Git.Cli.csproj", "{EE7ECC28-4B9F-43F6-B524-EF05340750F0}"
EndProject
Project("{FAE04EC0-301F-11D3-BF4B-00C04F79EFBC}") = "CS_Git.Lib.Tests", "tests\CS_Git.Lib.Tests\CS_Git.Lib.Tests.csproj", "{1C335906-9CDF-4CD6-AD37-8CF148A81940}"
EndProject
Project("{FAE04EC0-301F-11D3-BF4B-00C04F79EFBC}") = "DoubleCola_BrainTeaser_Tests", "tests\DoubleCola_BrainTeaser_Tests\DoubleCola_BrainTeaser_Tests.csproj", "{DD266991-F0E3-4E69-B61E-2619086E9F89}"
EndProject
Project("{FAE04EC0-301F-11D3-BF4B-00C04F79EFBC}") = "CS_Git.Cli.Tests", "tests\CS_Git.Cli.Tests\CS_Git.Cli.Tests.csproj", "{0AEC7FF7-4F86-49A8-99DE-5E37790DC638}"
EndProject
Project("{FAE04EC0-301F-11D3-BF4B-00C04F79EFBC}") = "ExtensionsTesting", "tests\ExtensionsTesting\ExtensionsTesting.csproj", "{6455AE7A-E1C1-4D35-8E44-39566FCBBAF1}"
EndProject
Project("{FAE04EC0-301F-11D3-BF4B-00C04F79EFBC}") = "FileBasedDbUnitTesting", "tests\FileBasedDbUnitTesting\FileBasedDbUnitTesting.csproj", "{AA0DF00F-9474-4C9C-A160-449050BA1960}"
EndProject
Project("{2150E333-8FDC-42A3-9474-1A3956D46DE8}") = "Solution Items", "Solution Items", "{1D088A36-C36B-4D2F-A5EA-073B03338A00}"
	ProjectSection(SolutionItems) = preProject
		docker-compose.yml = docker-compose.yml
	EndProjectSection
EndProject
Global
	GlobalSection(SolutionConfigurationPlatforms) = preSolution
		Debug|Any CPU = Debug|Any CPU
		Release|Any CPU = Release|Any CPU
	EndGlobalSection
	GlobalSection(ProjectConfigurationPlatforms) = postSolution
		{49D10459-77A8-4F72-A044-12D9F217E755}.Debug|Any CPU.ActiveCfg = Debug|Any CPU
		{49D10459-77A8-4F72-A044-12D9F217E755}.Debug|Any CPU.Build.0 = Debug|Any CPU
		{49D10459-77A8-4F72-A044-12D9F217E755}.Release|Any CPU.ActiveCfg = Release|Any CPU
		{49D10459-77A8-4F72-A044-12D9F217E755}.Release|Any CPU.Build.0 = Release|Any CPU
		{EE7ECC28-4B9F-43F6-B524-EF05340750F0}.Debug|Any CPU.ActiveCfg = Debug|Any CPU
		{EE7ECC28-4B9F-43F6-B524-EF05340750F0}.Debug|Any CPU.Build.0 = Debug|Any CPU
		{EE7ECC28-4B9F-43F6-B524-EF05340750F0}.Release|Any CPU.ActiveCfg = Release|Any CPU
		{EE7ECC28-4B9F-43F6-B524-EF05340750F0}.Release|Any CPU.Build.0 = Release|Any CPU
		{1C335906-9CDF-4CD6-AD37-8CF148A81940}.Debug|Any CPU.ActiveCfg = Debug|Any CPU
		{1C335906-9CDF-4CD6-AD37-8CF148A81940}.Debug|Any CPU.Build.0 = Debug|Any CPU
		{1C335906-9CDF-4CD6-AD37-8CF148A81940}.Release|Any CPU.ActiveCfg = Release|Any CPU
		{1C335906-9CDF-4CD6-AD37-8CF148A81940}.Release|Any CPU.Build.0 = Release|Any CPU
		{DD266991-F0E3-4E69-B61E-2619086E9F89}.Debug|Any CPU.ActiveCfg = Debug|Any CPU
		{DD266991-F0E3-4E69-B61E-2619086E9F89}.Debug|Any CPU.Build.0 = Debug|Any CPU
		{DD266991-F0E3-4E69-B61E-2619086E9F89}.Release|Any CPU.ActiveCfg = Release|Any CPU
		{DD266991-F0E3-4E69-B61E-2619086E9F89}.Release|Any CPU.Build.0 = Release|Any CPU
		{0AEC7FF7-4F86-49A8-99DE-5E37790DC638}.Debug|Any CPU.ActiveCfg = Debug|Any CPU
		{0AEC7FF7-4F86-49A8-99DE-5E37790DC638}.Debug|Any CPU.Build.0 = Debug|Any CPU
		{0AEC7FF7-4F86-49A8-99DE-5E37790DC638}.Release|Any CPU.ActiveCfg = Release|Any CPU
		{0AEC7FF7-4F86-49A8-99DE-5E37790DC638}.Release|Any CPU.Build.0 = Release|Any CPU
		{6455AE7A-E1C1-4D35-8E44-39566FCBBAF1}.Debug|Any CPU.ActiveCfg = Debug|Any CPU
		{6455AE7A-E1C1-4D35-8E44-39566FCBBAF1}.Debug|Any CPU.Build.0 = Debug|Any CPU
		{6455AE7A-E1C1-4D35-8E44-39566FCBBAF1}.Release|Any CPU.ActiveCfg = Release|Any CPU
		{6455AE7A-E1C1-4D35-8E44-39566FCBBAF1}.Release|Any CPU.Build.0 = Release|Any CPU
		{AA0DF00F-9474-4C9C-A160-449050BA1960}.Debug|Any CPU.ActiveCfg = Debug|Any CPU
		{AA0DF00F-9474-4C9C-A160-449050BA1960}.Debug|Any CPU.Build.0 = Debug|Any CPU
		{AA0DF00F-9474-4C9C-A160-449050BA1960}.Release|Any CPU.ActiveCfg = Release|Any CPU
		{AA0DF00F-9474-4C9C-A160-449050BA1960}.Release|Any CPU.Build.0 = Release|Any CPU
	EndGlobalSection
	GlobalSection(NestedProjects) = preSolution
		{49D10459-77A8-4F72-A044-12D9F217E755} = {B16D9C0F-5AFB-453C-ADAF-CED707EBF68A}
		{EE7ECC28-4B9F-43F6-B524-EF05340750F0} = {B16D9C0F-5AFB-453C-ADAF-CED707EBF68A}
		{1C335906-9CDF-4CD6-AD37-8CF148A81940} = {AF9556DE-C189-46EC-9C3D-58B1F2AEC4D8}
		{DD266991-F0E3-4E69-B61E-2619086E9F89} = {AF9556DE-C189-46EC-9C3D-58B1F2AEC4D8}
		{0AEC7FF7-4F86-49A8-99DE-5E37790DC638} = {AF9556DE-C189-46EC-9C3D-58B1F2AEC4D8}
		{6455AE7A-E1C1-4D35-8E44-39566FCBBAF1} = {AF9556DE-C189-46EC-9C3D-58B1F2AEC4D8}
		{AA0DF00F-9474-4C9C-A160-449050BA1960} = {AF9556DE-C189-46EC-9C3D-58B1F2AEC4D8}
	EndGlobalSection
EndGlobal
